---
RichHaoGaming: 22
BorealPrince88: 1
DZSenpai: 7
RickKid000: 1
BiDiedYourMeil: 0
BiDiedArt: 4
Vinhawm: 0
Thanhss456: 11
Gaonch: 0
JakayPluginVN: 0
TuiLaChimBe: 27
sabo_gaming_phs: 80
sabo gaming phs: 0
Bearr1411: 0
DreamKen9190: 0
CamLanSuc09: 0
LyricCreator864: 0
RebornTrash892: 0
ThirteenCorn83: 0
RichHaoGaming2: 0
NoobPvP2k3: 0
...
